
Microsoft Visual Studio Solution File, Format Version 12.00
# Visual Studio Version 16
VisualStudioVersion = 25.0.1704.2
MinimumVisualStudioVersion = 10.0.40219.1
Project("{FAE04EC0-301F-11D3-BF4B-00C04F79EFBC}") = "Deconstruct_Objects_toClasses", "Deconstruct_Objects_toClasses\Deconstruct_Objects_toClasses.csproj", "{626AA8D6-3BEC-4DAE-B5E6-30B2D89FBB31}"
EndProject
Global
	GlobalSection(SolutionConfigurationPlatforms) = preSolution
		Debug|Any CPU = Debug|Any CPU
		Release|Any CPU = Release|Any CPU
	EndGlobalSection
	GlobalSection(ProjectConfigurationPlatforms) = postSolution
		{626AA8D6-3BEC-4DAE-B5E6-30B2D89FBB31}.Debug|Any CPU.ActiveCfg = Debug|Any CPU
		{626AA8D6-3BEC-4DAE-B5E6-30B2D89FBB31}.Debug|Any CPU.Build.0 = Debug|Any CPU
		{626AA8D6-3BEC-4DAE-B5E6-30B2D89FBB31}.Release|Any CPU.ActiveCfg = Release|Any CPU
		{626AA8D6-3BEC-4DAE-B5E6-30B2D89FBB31}.Release|Any CPU.Build.0 = Release|Any CPU
	EndGlobalSection
	GlobalSection(SolutionProperties) = preSolution
		HideSolutionNode = FALSE
	EndGlobalSection
	GlobalSection(ExtensibilityGlobals) = postSolution
		SolutionGuid = {CF3086B1-A312-46BC-8AE3-E83A222CA71C}
	EndGlobalSection
EndGlobal
